// !$*UTF8*$!
{
	archiveVersion = 1;
	classes = {
	};
	objectVersion = 77;
	objects = {

/* Begin PBXBuildFile section */
		D01170382F2FDE56004BC147 /* PhotosView.swift in Sources */ = {isa = PBXBuildFile; fileRef = D01170372F2FDE56004BC147 /* PhotosView.swift */; };
		D01985162F2FC98F00E3D921 /* AccueilView.swift in Sources */ = {isa = PBXBuildFile; fileRef = D019850F2F2FC98F00E3D921 /* AccueilView.swift */; };
		D01985172F2FC98F00E3D921 /* ActivitesView.swift in Sources */ = {isa = PBXBuildFile; fileRef = D01985102F2FC98F00E3D921 /* ActivitesView.swift */; };
		D01985192F2FC98F00E3D921 /* ContactView.swift in Sources */ = {isa = PBXBuildFile; fileRef = D01985112F2FC98F00E3D921 /* ContactView.swift */; };
		D019851A2F2FC98F00E3D921 /* README.md in Resources */ = {isa = PBXBuildFile; fileRef = D01985142F2FC98F00E3D921 /* README.md */; };
		D019851B2F2FC98F00E3D921 /* preview-app.jsx in Resources */ = {isa = PBXBuildFile; fileRef = D01985132F2FC98F00E3D921 /* preview-app.jsx */; };
		D019851D2F2FC9B300E3D921 /* LocAppMobileApp.swift in Sources */ = {isa = PBXBuildFile; fileRef = D019851C2F2FC9B300E3D921 /* LocAppMobileApp.swift */; };
		D01985212F2FCD4700E3D921 /* InfosPratiquesView.swift in Sources */ = {isa = PBXBuildFile; fileRef = D01985202F2FCD4700E3D921 /* InfosPratiquesView.swift */; };
		D019852B2F2FD27D00E3D921 /* ImageLoader.swift in Sources */ = {isa = PBXBuildFile; fileRef = D019852A2F2FD27D00E3D921 /* ImageLoader.swift */; };
		D019852F2F2FD3F000E3D921 /* Assets.xcassets in Resources */ = {isa = PBXBuildFile; fileRef = D019852E2F2FD3F000E3D921 /* Assets.xcassets */; };
		D01985312F2FD49A00E3D921 /* AppIconGenerator.swift in Sources */ = {isa = PBXBuildFile; fileRef = D01985302F2FD49A00E3D921 /* AppIconGenerator.swift */; };
		D0A001012F300000004BC147 /* APIService.swift in Sources */ = {isa = PBXBuildFile; fileRef = D0A001002F300000004BC147 /* APIService.swift */; };
		D0A001032F300001004BC147 /* AuthManager.swift in Sources */ = {isa = PBXBuildFile; fileRef = D0A001022F300001004BC147 /* AuthManager.swift */; };
		D0A0011A2F30001A004BC147 /* PhotoCacheManager.swift in Sources */ = {isa = PBXBuildFile; fileRef = D0A001192F30001A004BC147 /* PhotoCacheManager.swift */; };
		D0A001052F300002004BC147 /* PropertyData.swift in Sources */ = {isa = PBXBuildFile; fileRef = D0A001042F300002004BC147 /* PropertyData.swift */; };
		D0A001072F300003004BC147 /* LoginView.swift in Sources */ = {isa = PBXBuildFile; fileRef = D0A001062F300003004BC147 /* LoginView.swift */; };
		D0A001092F300004004BC147 /* RegisterView.swift in Sources */ = {isa = PBXBuildFile; fileRef = D0A001082F300004004BC147 /* RegisterView.swift */; };
		D0A0010B2F300005004BC147 /* MainTabView.swift in Sources */ = {isa = PBXBuildFile; fileRef = D0A0010A2F300005004BC147 /* MainTabView.swift */; };
		D0A0010D2F300006004BC147 /* ReservationsView.swift in Sources */ = {isa = PBXBuildFile; fileRef = D0A0010C2F300006004BC147 /* ReservationsView.swift */; };
		D0A0010F2F300007004BC147 /* TokenInputView.swift in Sources */ = {isa = PBXBuildFile; fileRef = D0A0010E2F300007004BC147 /* TokenInputView.swift */; };
		D0A001112F300008004BC147 /* PropertyDetailView.swift in Sources */ = {isa = PBXBuildFile; fileRef = D0A001102F300008004BC147 /* PropertyDetailView.swift */; };
		D0A001132F300009004BC147 /* HistoryView.swift in Sources */ = {isa = PBXBuildFile; fileRef = D0A001122F300009004BC147 /* HistoryView.swift */; };
		D0A001152F30000A004BC147 /* AccountView.swift in Sources */ = {isa = PBXBuildFile; fileRef = D0A001142F30000A004BC147 /* AccountView.swift */; };
/* End PBXBuildFile section */

/* Begin PBXContainerItemProxy section */
		D0E942192F2FBD9A001A2921 /* PBXContainerItemProxy */ = {
			isa = PBXContainerItemProxy;
			containerPortal = D0E942012F2FBD94001A2921 /* Project object */;
			proxyType = 1;
			remoteGlobalIDString = D0E942082F2FBD94001A2921;
			remoteInfo = LocAppMobile;
		};
		D0E942232F2FBD9A001A2921 /* PBXContainerItemProxy */ = {
			isa = PBXContainerItemProxy;
			containerPortal = D0E942012F2FBD94001A2921 /* Project object */;
			proxyType = 1;
			remoteGlobalIDString = D0E942082F2FBD94001A2921;
			remoteInfo = LocAppMobile;
		};
/* End PBXContainerItemProxy section */

/* Begin PBXFileReference section */
		D01170312F2FD979004BC147 /* LocAppMobileTests.xctest */ = {isa = PBXFileReference; explicitFileType = wrapper.cfbundle; includeInIndex = 0; path = LocAppMobileTests.xctest; sourceTree = BUILT_PRODUCTS_DIR; };
		D01170322F2FD979004BC147 /* LocAppMobileUITests.xctest */ = {isa = PBXFileReference; explicitFileType = wrapper.cfbundle; includeInIndex = 0; path = LocAppMobileUITests.xctest; sourceTree = BUILT_PRODUCTS_DIR; };
		D01170372F2FDE56004BC147 /* PhotosView.swift */ = {isa = PBXFileReference; lastKnownFileType = sourcecode.swift; path = PhotosView.swift; sourceTree = "<group>"; };
		D019850F2F2FC98F00E3D921 /* AccueilView.swift */ = {isa = PBXFileReference; lastKnownFileType = sourcecode.swift; path = AccueilView.swift; sourceTree = "<group>"; };
		D01985102F2FC98F00E3D921 /* ActivitesView.swift */ = {isa = PBXFileReference; lastKnownFileType = sourcecode.swift; path = ActivitesView.swift; sourceTree = "<group>"; };
		D01985112F2FC98F00E3D921 /* ContactView.swift */ = {isa = PBXFileReference; lastKnownFileType = sourcecode.swift; path = ContactView.swift; sourceTree = "<group>"; };
		D01985132F2FC98F00E3D921 /* preview-app.jsx */ = {isa = PBXFileReference; lastKnownFileType = text; path = "preview-app.jsx"; sourceTree = "<group>"; };
		D01985142F2FC98F00E3D921 /* README.md */ = {isa = PBXFileReference; lastKnownFileType = net.daringfireball.markdown; path = README.md; sourceTree = "<group>"; };
		D019851C2F2FC9B300E3D921 /* LocAppMobileApp.swift */ = {isa = PBXFileReference; lastKnownFileType = sourcecode.swift; path = LocAppMobileApp.swift; sourceTree = "<group>"; };
		D01985202F2FCD4700E3D921 /* InfosPratiquesView.swift */ = {isa = PBXFileReference; lastKnownFileType = sourcecode.swift; path = InfosPratiquesView.swift; sourceTree = "<group>"; };
		D019852A2F2FD27D00E3D921 /* ImageLoader.swift */ = {isa = PBXFileReference; lastKnownFileType = sourcecode.swift; path = ImageLoader.swift; sourceTree = "<group>"; };
		D019852E2F2FD3F000E3D921 /* Assets.xcassets */ = {isa = PBXFileReference; lastKnownFileType = folder.assetcatalog; path = Assets.xcassets; sourceTree = "<group>"; };
		D01985302F2FD49A00E3D921 /* AppIconGenerator.swift */ = {isa = PBXFileReference; lastKnownFileType = sourcecode.swift; path = AppIconGenerator.swift; sourceTree = "<group>"; };
		D01985322F2FD88900E3D921 /* LocAppMobile.app */ = {isa = PBXFileReference; explicitFileType = wrapper.application; includeInIndex = 0; path = LocAppMobile.app; sourceTree = BUILT_PRODUCTS_DIR; };
		D0A001002F300000004BC147 /* APIService.swift */ = {isa = PBXFileReference; lastKnownFileType = sourcecode.swift; path = APIService.swift; sourceTree = "<group>"; };
		D0A001022F300001004BC147 /* AuthManager.swift */ = {isa = PBXFileReference; lastKnownFileType = sourcecode.swift; path = AuthManager.swift; sourceTree = "<group>"; };
		D0A001192F30001A004BC147 /* PhotoCacheManager.swift */ = {isa = PBXFileReference; lastKnownFileType = sourcecode.swift; path = PhotoCacheManager.swift; sourceTree = "<group>"; };
		D0A001042F300002004BC147 /* PropertyData.swift */ = {isa = PBXFileReference; lastKnownFileType = sourcecode.swift; path = PropertyData.swift; sourceTree = "<group>"; };
		D0A001062F300003004BC147 /* LoginView.swift */ = {isa = PBXFileReference; lastKnownFileType = sourcecode.swift; path = LoginView.swift; sourceTree = "<group>"; };
		D0A001082F300004004BC147 /* RegisterView.swift */ = {isa = PBXFileReference; lastKnownFileType = sourcecode.swift; path = RegisterView.swift; sourceTree = "<group>"; };
		D0A0010A2F300005004BC147 /* MainTabView.swift */ = {isa = PBXFileReference; lastKnownFileType = sourcecode.swift; path = MainTabView.swift; sourceTree = "<group>"; };
		D0A0010C2F300006004BC147 /* ReservationsView.swift */ = {isa = PBXFileReference; lastKnownFileType = sourcecode.swift; path = ReservationsView.swift; sourceTree = "<group>"; };
		D0A0010E2F300007004BC147 /* TokenInputView.swift */ = {isa = PBXFileReference; lastKnownFileType = sourcecode.swift; path = TokenInputView.swift; sourceTree = "<group>"; };
		D0A001102F300008004BC147 /* PropertyDetailView.swift */ = {isa = PBXFileReference; lastKnownFileType = sourcecode.swift; path = PropertyDetailView.swift; sourceTree = "<group>"; };
		D0A001122F300009004BC147 /* HistoryView.swift */ = {isa = PBXFileReference; lastKnownFileType = sourcecode.swift; path = HistoryView.swift; sourceTree = "<group>"; };
		D0A001142F30000A004BC147 /* AccountView.swift */ = {isa = PBXFileReference; lastKnownFileType = sourcecode.swift; path = AccountView.swift; sourceTree = "<group>"; };
		D0A001162F30000B004BC147 /* Info.plist */ = {isa = PBXFileReference; lastKnownFileType = text.plist.xml; path = Info.plist; sourceTree = "<group>"; };
/* End PBXFileReference section */

/* Begin PBXFrameworksBuildPhase section */
		D0E942062F2FBD94001A2921 /* Frameworks */ = {
			isa = PBXFrameworksBuildPhase;
			buildActionMask = 2147483647;
			files = (
			);
			runOnlyForDeploymentPostprocessing = 0;
		};
		D0E942152F2FBD9A001A2921 /* Frameworks */ = {
			isa = PBXFrameworksBuildPhase;
			buildActionMask = 2147483647;
			files = (
			);
			runOnlyForDeploymentPostprocessing = 0;
		};
		D0E9421F2F2FBD9A001A2921 /* Frameworks */ = {
			isa = PBXFrameworksBuildPhase;
			buildActionMask = 2147483647;
			files = (
			);
			runOnlyForDeploymentPostprocessing = 0;
		};
/* End PBXFrameworksBuildPhase section */

/* Begin PBXGroup section */
		D0A001172F30000C004BC147 /* Services */ = {
			isa = PBXGroup;
			children = (
				D0A001002F300000004BC147 /* APIService.swift */,
				D0A001022F300001004BC147 /* AuthManager.swift */,
				D0A001192F30001A004BC147 /* PhotoCacheManager.swift */,
			);
			path = Services;
			sourceTree = "<group>";
		};
		D0A001182F30000D004BC147 /* Models */ = {
			isa = PBXGroup;
			children = (
				D0A001042F300002004BC147 /* PropertyData.swift */,
			);
			path = Models;
			sourceTree = "<group>";
		};
		D0E942002F2FBD94001A2921 = {
			isa = PBXGroup;
			children = (
				D0A001162F30000B004BC147 /* Info.plist */,
				D019852E2F2FD3F000E3D921 /* Assets.xcassets */,
				D0A001172F30000C004BC147 /* Services */,
				D0A001182F30000D004BC147 /* Models */,
				D0E942352F2FC395001A2921 /* Views */,
				D0E9420A2F2FBD94001A2921 /* Products */,
				D019851C2F2FC9B300E3D921 /* LocAppMobileApp.swift */,
				D01985302F2FD49A00E3D921 /* AppIconGenerator.swift */,
				D019852A2F2FD27D00E3D921 /* ImageLoader.swift */,
			);
			sourceTree = "<group>";
		};
		D0E9420A2F2FBD94001A2921 /* Products */ = {
			isa = PBXGroup;
			children = (
				D01985322F2FD88900E3D921 /* LocAppMobile.app */,
				D01170312F2FD979004BC147 /* LocAppMobileTests.xctest */,
				D01170322F2FD979004BC147 /* LocAppMobileUITests.xctest */,
			);
			name = Products;
			sourceTree = "<group>";
		};
		D0E942352F2FC395001A2921 /* Views */ = {
			isa = PBXGroup;
			children = (
				D019850F2F2FC98F00E3D921 /* AccueilView.swift */,
				D01985102F2FC98F00E3D921 /* ActivitesView.swift */,
				D01985112F2FC98F00E3D921 /* ContactView.swift */,
				D01985132F2FC98F00E3D921 /* preview-app.jsx */,
				D01985202F2FCD4700E3D921 /* InfosPratiquesView.swift */,
				D01985142F2FC98F00E3D921 /* README.md */,
				D01170372F2FDE56004BC147 /* PhotosView.swift */,
				D0A001062F300003004BC147 /* LoginView.swift */,
				D0A001082F300004004BC147 /* RegisterView.swift */,
				D0A0010A2F300005004BC147 /* MainTabView.swift */,
				D0A0010C2F300006004BC147 /* ReservationsView.swift */,
				D0A0010E2F300007004BC147 /* TokenInputView.swift */,
				D0A001102F300008004BC147 /* PropertyDetailView.swift */,
				D0A001122F300009004BC147 /* HistoryView.swift */,
				D0A001142F30000A004BC147 /* AccountView.swift */,
			);
			path = Views;
			sourceTree = "<group>";
		};
/* End PBXGroup section */

/* Begin PBXNativeTarget section */
		D0E942082F2FBD94001A2921 /* LocAppMobile */ = {
			isa = PBXNativeTarget;
			buildConfigurationList = D0E9422C2F2FBD9A001A2921 /* Build configuration list for PBXNativeTarget "LocAppMobile" */;
			buildPhases = (
				D0E942052F2FBD94001A2921 /* Sources */,
				D0E942062F2FBD94001A2921 /* Frameworks */,
				D0E942072F2FBD94001A2921 /* Resources */,
			);
			buildRules = (
			);
			dependencies = (
			);
			name = LocAppMobile;
			packageProductDependencies = (
			);
			productName = LocAppMobile;
			productReference = D01985322F2FD88900E3D921 /* LocAppMobile.app */;
			productType = "com.apple.product-type.application";
		};
		D0E942172F2FBD9A001A2921 /* LocAppMobileTests */ = {
			isa = PBXNativeTarget;
			buildConfigurationList = D0E9422F2F2FBD9A001A2921 /* Build configuration list for PBXNativeTarget "LocAppMobileTests" */;
			buildPhases = (
				D0E942142F2FBD9A001A2921 /* Sources */,
				D0E942152F2FBD9A001A2921 /* Frameworks */,
				D0E942162F2FBD9A001A2921 /* Resources */,
			);
			buildRules = (
			);
			dependencies = (
				D0E9421A2F2FBD9A001A2921 /* PBXTargetDependency */,
			);
			name = LocAppMobileTests;
			packageProductDependencies = (
			);
			productName = LocAppMobileTests;
			productReference = D01170312F2FD979004BC147 /* LocAppMobileTests.xctest */;
			productType = "com.apple.product-type.bundle.unit-test";
		};
		D0E942212F2FBD9A001A2921 /* LocAppMobileUITests */ = {
			isa = PBXNativeTarget;
			buildConfigurationList = D0E942322F2FBD9A001A2921 /* Build configuration list for PBXNativeTarget "LocAppMobileUITests" */;
			buildPhases = (
				D0E9421E2F2FBD9A001A2921 /* Sources */,
				D0E9421F2F2FBD9A001A2921 /* Frameworks */,
				D0E942202F2FBD9A001A2921 /* Resources */,
			);
			buildRules = (
			);
			dependencies = (
				D0E942242F2FBD9A001A2921 /* PBXTargetDependency */,
			);
			name = LocAppMobileUITests;
			packageProductDependencies = (
			);
			productName = LocAppMobileUITests;
			productReference = D01170322F2FD979004BC147 /* LocAppMobileUITests.xctest */;
			productType = "com.apple.product-type.bundle.ui-testing";
		};
/* End PBXNativeTarget section */

/* Begin PBXProject section */
		D0E942012F2FBD94001A2921 /* Project object */ = {
			isa = PBXProject;
			attributes = {
				BuildIndependentTargetsInParallel = 1;
				LastSwiftUpdateCheck = 2620;
				LastUpgradeCheck = 2620;
				TargetAttributes = {
					D0E942082F2FBD94001A2921 = {
						CreatedOnToolsVersion = 26.2;
						LastSwiftMigration = 2620;
					};
					D0E942172F2FBD9A001A2921 = {
						CreatedOnToolsVersion = 26.2;
						TestTargetID = D0E942082F2FBD94001A2921;
					};
					D0E942212F2FBD9A001A2921 = {
						CreatedOnToolsVersion = 26.2;
						TestTargetID = D0E942082F2FBD94001A2921;
					};
				};
			};
			buildConfigurationList = D0E942042F2FBD94001A2921 /* Build configuration list for PBXProject "LocAppMobile" */;
			developmentRegion = en;
			hasScannedForEncodings = 0;
			knownRegions = (
				en,
				Base,
			);
			mainGroup = D0E942002F2FBD94001A2921;
			minimizedProjectReferenceProxies = 1;
			preferredProjectObjectVersion = 77;
			productRefGroup = D0E9420A2F2FBD94001A2921 /* Products */;
			projectDirPath = "";
			projectRoot = "";
			targets = (
				D0E942082F2FBD94001A2921 /* LocAppMobile */,
				D0E942172F2FBD9A001A2921 /* LocAppMobileTests */,
				D0E942212F2FBD9A001A2921 /* LocAppMobileUITests */,
			);
		};
/* End PBXProject section */

/* Begin PBXResourcesBuildPhase section */
		D0E942072F2FBD94001A2921 /* Resources */ = {
			isa = PBXResourcesBuildPhase;
			buildActionMask = 2147483647;
			files = (
				D019851A2F2FC98F00E3D921 /* README.md in Resources */,
				D019852F2F2FD3F000E3D921 /* Assets.xcassets in Resources */,
				D019851B2F2FC98F00E3D921 /* preview-app.jsx in Resources */,
			);
			runOnlyForDeploymentPostprocessing = 0;
		};
		D0E942162F2FBD9A001A2921 /* Resources */ = {
			isa = PBXResourcesBuildPhase;
			buildActionMask = 2147483647;
			files = (
			);
			runOnlyForDeploymentPostprocessing = 0;
		};
		D0E942202F2FBD9A001A2921 /* Resources */ = {
			isa = PBXResourcesBuildPhase;
			buildActionMask = 2147483647;
			files = (
			);
			runOnlyForDeploymentPostprocessing = 0;
		};
/* End PBXResourcesBuildPhase section */

/* Begin PBXSourcesBuildPhase section */
		D0E942052F2FBD94001A2921 /* Sources */ = {
			isa = PBXSourcesBuildPhase;
			buildActionMask = 2147483647;
			files = (
				D019852B2F2FD27D00E3D921 /* ImageLoader.swift in Sources */,
				D01985162F2FC98F00E3D921 /* AccueilView.swift in Sources */,
				D019851D2F2FC9B300E3D921 /* LocAppMobileApp.swift in Sources */,
				D01985312F2FD49A00E3D921 /* AppIconGenerator.swift in Sources */,
				D01985172F2FC98F00E3D921 /* ActivitesView.swift in Sources */,
				D01170382F2FDE56004BC147 /* PhotosView.swift in Sources */,
				D01985192F2FC98F00E3D921 /* ContactView.swift in Sources */,
				D01985212F2FCD4700E3D921 /* InfosPratiquesView.swift in Sources */,
				D0A001012F300000004BC147 /* APIService.swift in Sources */,
				D0A001032F300001004BC147 /* AuthManager.swift in Sources */,
				D0A0011A2F30001A004BC147 /* PhotoCacheManager.swift in Sources */,
				D0A001052F300002004BC147 /* PropertyData.swift in Sources */,
				D0A001072F300003004BC147 /* LoginView.swift in Sources */,
				D0A001092F300004004BC147 /* RegisterView.swift in Sources */,
				D0A0010B2F300005004BC147 /* MainTabView.swift in Sources */,
				D0A0010D2F300006004BC147 /* ReservationsView.swift in Sources */,
				D0A0010F2F300007004BC147 /* TokenInputView.swift in Sources */,
				D0A001112F300008004BC147 /* PropertyDetailView.swift in Sources */,
				D0A001132F300009004BC147 /* HistoryView.swift in Sources */,
				D0A001152F30000A004BC147 /* AccountView.swift in Sources */,
			);
			runOnlyForDeploymentPostprocessing = 0;
		};
		D0E942142F2FBD9A001A2921 /* Sources */ = {
			isa = PBXSourcesBuildPhase;
			buildActionMask = 2147483647;
			files = (
			);
			runOnlyForDeploymentPostprocessing = 0;
		};
		D0E9421E2F2FBD9A001A2921 /* Sources */ = {
			isa = PBXSourcesBuildPhase;
			buildActionMask = 2147483647;
			files = (
			);
			runOnlyForDeploymentPostprocessing = 0;
		};
/* End PBXSourcesBuildPhase section */

/* Begin PBXTargetDependency section */
		D0E9421A2F2FBD9A001A2921 /* PBXTargetDependency */ = {
			isa = PBXTargetDependency;
			target = D0E942082F2FBD94001A2921 /* LocAppMobile */;
			targetProxy = D0E942192F2FBD9A001A2921 /* PBXContainerItemProxy */;
		};
		D0E942242F2FBD9A001A2921 /* PBXTargetDependency */ = {
			isa = PBXTargetDependency;
			target = D0E942082F2FBD94001A2921 /* LocAppMobile */;
			targetProxy = D0E942232F2FBD9A001A2921 /* PBXContainerItemProxy */;
		};
/* End PBXTargetDependency section */

/* Begin XCBuildConfiguration section */
		D0E9422A2F2FBD9A001A2921 /* Debug */ = {
			isa = XCBuildConfiguration;
			buildSettings = {
				ALWAYS_SEARCH_USER_PATHS = NO;
				ASSETCATALOG_COMPILER_GENERATE_SWIFT_ASSET_SYMBOL_EXTENSIONS = YES;
				CLANG_ANALYZER_NONNULL = YES;
				CLANG_ANALYZER_NUMBER_OBJECT_CONVERSION = YES_AGGRESSIVE;
				CLANG_CXX_LANGUAGE_STANDARD = "gnu++20";
				CLANG_ENABLE_MODULES = YES;
				CLANG_ENABLE_OBJC_ARC = YES;
				CLANG_ENABLE_OBJC_WEAK = YES;
				CLANG_WARN_BLOCK_CAPTURE_AUTORELEASING = YES;
				CLANG_WARN_BOOL_CONVERSION = YES;
				CLANG_WARN_COMMA = YES;
				CLANG_WARN_CONSTANT_CONVERSION = YES;
				CLANG_WARN_DEPRECATED_OBJC_IMPLEMENTATIONS = YES;
				CLANG_WARN_DIRECT_OBJC_ISA_USAGE = YES_ERROR;
				CLANG_WARN_DOCUMENTATION_COMMENTS = YES;
				CLANG_WARN_EMPTY_BODY = YES;
				CLANG_WARN_ENUM_CONVERSION = YES;
				CLANG_WARN_INFINITE_RECURSION = YES;
				CLANG_WARN_INT_CONVERSION = YES;
				CLANG_WARN_NON_LITERAL_NULL_CONVERSION = YES;
				CLANG_WARN_OBJC_IMPLICIT_RETAIN_SELF = YES;
				CLANG_WARN_OBJC_LITERAL_CONVERSION = YES;
				CLANG_WARN_OBJC_ROOT_CLASS = YES_ERROR;
				CLANG_WARN_QUOTED_INCLUDE_IN_FRAMEWORK_HEADER = YES;
				CLANG_WARN_RANGE_LOOP_ANALYSIS = YES;
				CLANG_WARN_STRICT_PROTOTYPES = YES;
				CLANG_WARN_SUSPICIOUS_MOVE = YES;
				CLANG_WARN_UNGUARDED_AVAILABILITY = YES_AGGRESSIVE;
				CLANG_WARN_UNREACHABLE_CODE = YES;
				CLANG_WARN__DUPLICATE_METHOD_MATCH = YES;
				COPY_PHASE_STRIP = NO;
				DEBUG_INFORMATION_FORMAT = dwarf;
				ENABLE_STRICT_OBJC_MSGSEND = YES;
				ENABLE_TESTABILITY = YES;
				ENABLE_USER_SCRIPT_SANDBOXING = YES;
				GCC_C_LANGUAGE_STANDARD = gnu17;
				GCC_DYNAMIC_NO_PIC = NO;
				GCC_NO_COMMON_BLOCKS = YES;
				GCC_OPTIMIZATION_LEVEL = 0;
				GCC_PREPROCESSOR_DEFINITIONS = (
					"DEBUG=1",
					"$(inherited)",
				);
				GCC_WARN_64_TO_32_BIT_CONVERSION = YES;
				GCC_WARN_ABOUT_RETURN_TYPE = YES_ERROR;
				GCC_WARN_UNDECLARED_SELECTOR = YES;
				GCC_WARN_UNINITIALIZED_AUTOS = YES_AGGRESSIVE;
				GCC_WARN_UNUSED_FUNCTION = YES;
				GCC_WARN_UNUSED_VARIABLE = YES;
				IPHONEOS_DEPLOYMENT_TARGET = 26.2;
				LOCALIZATION_PREFERS_STRING_CATALOGS = YES;
				MTL_ENABLE_DEBUG_INFO = INCLUDE_SOURCE;
				MTL_FAST_MATH = YES;
				ONLY_ACTIVE_ARCH = YES;
				SDKROOT = iphoneos;
				SWIFT_ACTIVE_COMPILATION_CONDITIONS = "DEBUG $(inherited)";
				SWIFT_OPTIMIZATION_LEVEL = "-Onone";
			};
			name = Debug;
		};
		D0E9422B2F2FBD9A001A2921 /* Release */ = {
			isa = XCBuildConfiguration;
			buildSettings = {
				ALWAYS_SEARCH_USER_PATHS = NO;
				ASSETCATALOG_COMPILER_GENERATE_SWIFT_ASSET_SYMBOL_EXTENSIONS = YES;
				CLANG_ANALYZER_NONNULL = YES;
				CLANG_ANALYZER_NUMBER_OBJECT_CONVERSION = YES_AGGRESSIVE;
				CLANG_CXX_LANGUAGE_STANDARD = "gnu++20";
				CLANG_ENABLE_MODULES = YES;
				CLANG_ENABLE_OBJC_ARC = YES;
				CLANG_ENABLE_OBJC_WEAK = YES;
				CLANG_WARN_BLOCK_CAPTURE_AUTORELEASING = YES;
				CLANG_WARN_BOOL_CONVERSION = YES;
				CLANG_WARN_COMMA = YES;
				CLANG_WARN_CONSTANT_CONVERSION = YES;
				CLANG_WARN_DEPRECATED_OBJC_IMPLEMENTATIONS = YES;
				CLANG_WARN_DIRECT_OBJC_ISA_USAGE = YES_ERROR;
				CLANG_WARN_DOCUMENTATION_COMMENTS = YES;
				CLANG_WARN_EMPTY_BODY = YES;
				CLANG_WARN_ENUM_CONVERSION = YES;
				CLANG_WARN_INFINITE_RECURSION = YES;
				CLANG_WARN_INT_CONVERSION = YES;
				CLANG_WARN_NON_LITERAL_NULL_CONVERSION = YES;
				CLANG_WARN_OBJC_IMPLICIT_RETAIN_SELF = YES;
				CLANG_WARN_OBJC_LITERAL_CONVERSION = YES;
				CLANG_WARN_OBJC_ROOT_CLASS = YES_ERROR;
				CLANG_WARN_QUOTED_INCLUDE_IN_FRAMEWORK_HEADER = YES;
				CLANG_WARN_RANGE_LOOP_ANALYSIS = YES;
				CLANG_WARN_STRICT_PROTOTYPES = YES;
				CLANG_WARN_SUSPICIOUS_MOVE = YES;
				CLANG_WARN_UNGUARDED_AVAILABILITY = YES_AGGRESSIVE;
				CLANG_WARN_UNREACHABLE_CODE = YES;
				CLANG_WARN__DUPLICATE_METHOD_MATCH = YES;
				COPY_PHASE_STRIP = NO;
				DEBUG_INFORMATION_FORMAT = "dwarf-with-dsym";
				ENABLE_NS_ASSERTIONS = NO;
				ENABLE_STRICT_OBJC_MSGSEND = YES;
				ENABLE_USER_SCRIPT_SANDBOXING = YES;
				GCC_C_LANGUAGE_STANDARD = gnu17;
				GCC_NO_COMMON_BLOCKS = YES;
				GCC_WARN_64_TO_32_BIT_CONVERSION = YES;
				GCC_WARN_ABOUT_RETURN_TYPE = YES_ERROR;
				GCC_WARN_UNDECLARED_SELECTOR = YES;
				GCC_WARN_UNINITIALIZED_AUTOS = YES_AGGRESSIVE;
				GCC_WARN_UNUSED_FUNCTION = YES;
				GCC_WARN_UNUSED_VARIABLE = YES;
				IPHONEOS_DEPLOYMENT_TARGET = 26.2;
				LOCALIZATION_PREFERS_STRING_CATALOGS = YES;
				MTL_ENABLE_DEBUG_INFO = NO;
				MTL_FAST_MATH = YES;
				SDKROOT = iphoneos;
				SWIFT_COMPILATION_MODE = wholemodule;
				VALIDATE_PRODUCT = YES;
			};
			name = Release;
		};
		D0E9422D2F2FBD9A001A2921 /* Debug */ = {
			isa = XCBuildConfiguration;
			buildSettings = {
				ASSETCATALOG_COMPILER_APPICON_NAME = AppIcon;
				ASSETCATALOG_COMPILER_GLOBAL_ACCENT_COLOR_NAME = AccentColor;
				CLANG_ENABLE_MODULES = YES;
				CODE_SIGN_STYLE = Automatic;
				CURRENT_PROJECT_VERSION = 1;
				DEVELOPMENT_TEAM = 3CB63ZGNW4;
				ENABLE_PREVIEWS = YES;
				GENERATE_INFOPLIST_FILE = YES;
				INFOPLIST_FILE = Info.plist;
				INFOPLIST_KEY_UIApplicationSceneManifest_Generation = YES;
				INFOPLIST_KEY_UIApplicationSupportsIndirectInputEvents = YES;
				INFOPLIST_KEY_UILaunchScreen_Generation = YES;
				INFOPLIST_KEY_UISupportedInterfaceOrientations_iPad = "UIInterfaceOrientationPortrait UIInterfaceOrientationPortraitUpsideDown UIInterfaceOrientationLandscapeLeft UIInterfaceOrientationLandscapeRight";
				INFOPLIST_KEY_UISupportedInterfaceOrientations_iPhone = "UIInterfaceOrientationPortrait UIInterfaceOrientationLandscapeLeft UIInterfaceOrientationLandscapeRight";
				LD_RUNPATH_SEARCH_PATHS = (
					"$(inherited)",
					"@executable_path/Frameworks",
				);
				MARKETING_VERSION = 1.0;
				PRODUCT_BUNDLE_IDENTIFIER = Neograb.LocAppMobile;
				PRODUCT_NAME = "$(TARGET_NAME)";
				STRING_CATALOG_GENERATE_SYMBOLS = YES;
				SWIFT_APPROACHABLE_CONCURRENCY = YES;
				SWIFT_DEFAULT_ACTOR_ISOLATION = MainActor;
				SWIFT_EMIT_LOC_STRINGS = YES;
				SWIFT_OPTIMIZATION_LEVEL = "-Onone";
				SWIFT_UPCOMING_FEATURE_MEMBER_IMPORT_VISIBILITY = YES;
				SWIFT_VERSION = 5.0;
				TARGETED_DEVICE_FAMILY = "1,2";
			};
			name = Debug;
		};
		D0E9422E2F2FBD9A001A2921 /* Release */ = {
			isa = XCBuildConfiguration;
			buildSettings = {
				ASSETCATALOG_COMPILER_APPICON_NAME = AppIcon;
				ASSETCATALOG_COMPILER_GLOBAL_ACCENT_COLOR_NAME = AccentColor;
				CLANG_ENABLE_MODULES = YES;
				CODE_SIGN_STYLE = Automatic;
				CURRENT_PROJECT_VERSION = 1;
				DEVELOPMENT_TEAM = 3CB63ZGNW4;
				ENABLE_PREVIEWS = YES;
				GENERATE_INFOPLIST_FILE = YES;
				INFOPLIST_FILE = Info.plist;
				INFOPLIST_KEY_UIApplicationSceneManifest_Generation = YES;
				INFOPLIST_KEY_UIApplicationSupportsIndirectInputEvents = YES;
				INFOPLIST_KEY_UILaunchScreen_Generation = YES;
				INFOPLIST_KEY_UISupportedInterfaceOrientations_iPad = "UIInterfaceOrientationPortrait UIInterfaceOrientationPortraitUpsideDown UIInterfaceOrientationLandscapeLeft UIInterfaceOrientationLandscapeRight";
				INFOPLIST_KEY_UISupportedInterfaceOrientations_iPhone = "UIInterfaceOrientationPortrait UIInterfaceOrientationLandscapeLeft UIInterfaceOrientationLandscapeRight";
				LD_RUNPATH_SEARCH_PATHS = (
					"$(inherited)",
					"@executable_path/Frameworks",
				);
				MARKETING_VERSION = 1.0;
				PRODUCT_BUNDLE_IDENTIFIER = Neograb.LocAppMobile;
				PRODUCT_NAME = "$(TARGET_NAME)";
				STRING_CATALOG_GENERATE_SYMBOLS = YES;
				SWIFT_APPROACHABLE_CONCURRENCY = YES;
				SWIFT_DEFAULT_ACTOR_ISOLATION = MainActor;
				SWIFT_EMIT_LOC_STRINGS = YES;
				SWIFT_UPCOMING_FEATURE_MEMBER_IMPORT_VISIBILITY = YES;
				SWIFT_VERSION = 5.0;
				TARGETED_DEVICE_FAMILY = "1,2";
			};
			name = Release;
		};
		D0E942302F2FBD9A001A2921 /* Debug */ = {
			isa = XCBuildConfiguration;
			buildSettings = {
				BUNDLE_LOADER = "$(TEST_HOST)";
				CODE_SIGN_STYLE = Automatic;
				CURRENT_PROJECT_VERSION = 1;
				GENERATE_INFOPLIST_FILE = YES;
				IPHONEOS_DEPLOYMENT_TARGET = 26.2;
				MARKETING_VERSION = 1.0;
				PRODUCT_BUNDLE_IDENTIFIER = Neograb.LocAppMobileTests;
				PRODUCT_NAME = "$(TARGET_NAME)";
				STRING_CATALOG_GENERATE_SYMBOLS = NO;
				SWIFT_APPROACHABLE_CONCURRENCY = YES;
				SWIFT_EMIT_LOC_STRINGS = NO;
				SWIFT_UPCOMING_FEATURE_MEMBER_IMPORT_VISIBILITY = YES;
				SWIFT_VERSION = 5.0;
				TARGETED_DEVICE_FAMILY = "1,2";
				TEST_HOST = "$(BUILT_PRODUCTS_DIR)/LocAppMobile.app/$(BUNDLE_EXECUTABLE_FOLDER_PATH)/LocAppMobile";
			};
			name = Debug;
		};
		D0E942312F2FBD9A001A2921 /* Release */ = {
			isa = XCBuildConfiguration;
			buildSettings = {
				BUNDLE_LOADER = "$(TEST_HOST)";
				CODE_SIGN_STYLE = Automatic;
				CURRENT_PROJECT_VERSION = 1;
				GENERATE_INFOPLIST_FILE = YES;
				IPHONEOS_DEPLOYMENT_TARGET = 26.2;
				MARKETING_VERSION = 1.0;
				PRODUCT_BUNDLE_IDENTIFIER = Neograb.LocAppMobileTests;
				PRODUCT_NAME = "$(TARGET_NAME)";
				STRING_CATALOG_GENERATE_SYMBOLS = NO;
				SWIFT_APPROACHABLE_CONCURRENCY = YES;
				SWIFT_EMIT_LOC_STRINGS = NO;
				SWIFT_UPCOMING_FEATURE_MEMBER_IMPORT_VISIBILITY = YES;
				SWIFT_VERSION = 5.0;
				TARGETED_DEVICE_FAMILY = "1,2";
				TEST_HOST = "$(BUILT_PRODUCTS_DIR)/LocAppMobile.app/$(BUNDLE_EXECUTABLE_FOLDER_PATH)/LocAppMobile";
			};
			name = Release;
		};
		D0E942332F2FBD9A001A2921 /* Debug */ = {
			isa = XCBuildConfiguration;
			buildSettings = {
				CODE_SIGN_STYLE = Automatic;
				CURRENT_PROJECT_VERSION = 1;
				GENERATE_INFOPLIST_FILE = YES;
				MARKETING_VERSION = 1.0;
				PRODUCT_BUNDLE_IDENTIFIER = Neograb.LocAppMobileUITests;
				PRODUCT_NAME = "$(TARGET_NAME)";
				STRING_CATALOG_GENERATE_SYMBOLS = NO;
				SWIFT_APPROACHABLE_CONCURRENCY = YES;
				SWIFT_EMIT_LOC_STRINGS = NO;
				SWIFT_UPCOMING_FEATURE_MEMBER_IMPORT_VISIBILITY = YES;
				SWIFT_VERSION = 5.0;
				TARGETED_DEVICE_FAMILY = "1,2";
				TEST_TARGET_NAME = LocAppMobile;
			};
			name = Debug;
		};
		D0E942342F2FBD9A001A2921 /* Release */ = {
			isa = XCBuildConfiguration;
			buildSettings = {
				CODE_SIGN_STYLE = Automatic;
				CURRENT_PROJECT_VERSION = 1;
				GENERATE_INFOPLIST_FILE = YES;
				MARKETING_VERSION = 1.0;
				PRODUCT_BUNDLE_IDENTIFIER = Neograb.LocAppMobileUITests;
				PRODUCT_NAME = "$(TARGET_NAME)";
				STRING_CATALOG_GENERATE_SYMBOLS = NO;
				SWIFT_APPROACHABLE_CONCURRENCY = YES;
				SWIFT_EMIT_LOC_STRINGS = NO;
				SWIFT_UPCOMING_FEATURE_MEMBER_IMPORT_VISIBILITY = YES;
				SWIFT_VERSION = 5.0;
				TARGETED_DEVICE_FAMILY = "1,2";
				TEST_TARGET_NAME = LocAppMobile;
			};
			name = Release;
		};
/* End XCBuildConfiguration section */

/* Begin XCConfigurationList section */
		D0E942042F2FBD94001A2921 /* Build configuration list for PBXProject "LocAppMobile" */ = {
			isa = XCConfigurationList;
			buildConfigurations = (
				D0E9422A2F2FBD9A001A2921 /* Debug */,
				D0E9422B2F2FBD9A001A2921 /* Release */,
			);
			defaultConfigurationIsVisible = 0;
			defaultConfigurationName = Release;
		};
		D0E9422C2F2FBD9A001A2921 /* Build configuration list for PBXNativeTarget "LocAppMobile" */ = {
			isa = XCConfigurationList;
			buildConfigurations = (
				D0E9422D2F2FBD9A001A2921 /* Debug */,
				D0E9422E2F2FBD9A001A2921 /* Release */,
			);
			defaultConfigurationIsVisible = 0;
			defaultConfigurationName = Release;
		};
		D0E9422F2F2FBD9A001A2921 /* Build configuration list for PBXNativeTarget "LocAppMobileTests" */ = {
			isa = XCConfigurationList;
			buildConfigurations = (
				D0E942302F2FBD9A001A2921 /* Debug */,
				D0E942312F2FBD9A001A2921 /* Release */,
			);
			defaultConfigurationIsVisible = 0;
			defaultConfigurationName = Release;
		};
		D0E942322F2FBD9A001A2921 /* Build configuration list for PBXNativeTarget "LocAppMobileUITests" */ = {
			isa = XCConfigurationList;
			buildConfigurations = (
				D0E942332F2FBD9A001A2921 /* Debug */,
				D0E942342F2FBD9A001A2921 /* Release */,
			);
			defaultConfigurationIsVisible = 0;
			defaultConfigurationName = Release;
		};
/* End XCConfigurationList section */
	};
	rootObject = D0E942012F2FBD94001A2921 /* Project object */;
}
